
Microsoft Visual Studio Solution File, Format Version 12.00
# Visual Studio Version 17
VisualStudioVersion = 17.13.35818.85 d17.13
MinimumVisualStudioVersion = 10.0.40219.1
Project("{FAE04EC0-301F-11D3-BF4B-00C04F79EFBC}") = "EventManager.API", "EventManager.API\EventManager.API.csproj", "{C07A9073-BC2C-49DA-A583-1477BB81F627}"
EndProject
Project("{FAE04EC0-301F-11D3-BF4B-00C04F79EFBC}") = "EventManager.Domain", "EventManager.Domain\EventManager.Domain.csproj", "{92736654-CA3B-4C92-95C2-C3E90A2A82CF}"
EndProject
Project("{FAE04EC0-301F-11D3-BF4B-00C04F79EFBC}") = "EventManager.Application", "EventManager.Application\EventManager.Application.csproj", "{7629F5E5-FB54-4B8A-9BD8-EEC0F73CB5D8}"
EndProject
Global
	GlobalSection(SolutionConfigurationPlatforms) = preSolution
		Debug|Any CPU = Debug|Any CPU
		Release|Any CPU = Release|Any CPU
	EndGlobalSection
	GlobalSection(ProjectConfigurationPlatforms) = postSolution
		{C07A9073-BC2C-49DA-A583-1477BB81F627}.Debug|Any CPU.ActiveCfg = Debug|Any CPU
		{C07A9073-BC2C-49DA-A583-1477BB81F627}.Debug|Any CPU.Build.0 = Debug|Any CPU
		{C07A9073-BC2C-49DA-A583-1477BB81F627}.Release|Any CPU.ActiveCfg = Release|Any CPU
		{C07A9073-BC2C-49DA-A583-1477BB81F627}.Release|Any CPU.Build.0 = Release|Any CPU
		{92736654-CA3B-4C92-95C2-C3E90A2A82CF}.Debug|Any CPU.ActiveCfg = Debug|Any CPU
		{92736654-CA3B-4C92-95C2-C3E90A2A82CF}.Debug|Any CPU.Build.0 = Debug|Any CPU
		{92736654-CA3B-4C92-95C2-C3E90A2A82CF}.Release|Any CPU.ActiveCfg = Release|Any CPU
		{92736654-CA3B-4C92-95C2-C3E90A2A82CF}.Release|Any CPU.Build.0 = Release|Any CPU
		{7629F5E5-FB54-4B8A-9BD8-EEC0F73CB5D8}.Debug|Any CPU.ActiveCfg = Debug|Any CPU
		{7629F5E5-FB54-4B8A-9BD8-EEC0F73CB5D8}.Debug|Any CPU.Build.0 = Debug|Any CPU
		{7629F5E5-FB54-4B8A-9BD8-EEC0F73CB5D8}.Release|Any CPU.ActiveCfg = Release|Any CPU
		{7629F5E5-FB54-4B8A-9BD8-EEC0F73CB5D8}.Release|Any CPU.Build.0 = Release|Any CPU
	EndGlobalSection
	GlobalSection(SolutionProperties) = preSolution
		HideSolutionNode = FALSE
	EndGlobalSection
	GlobalSection(ExtensibilityGlobals) = postSolution
		SolutionGuid = {8D1AEA8B-8912-435F-82D2-24B6203D6AD0}
	EndGlobalSection
EndGlobal
